
Microsoft Visual Studio Solution File, Format Version 12.00
# Visual Studio Version 16
VisualStudioVersion = 16.0.31624.102
MinimumVisualStudioVersion = 10.0.40219.1
Project("{9A19103F-16F7-4668-BE54-9A1E7A4F7556}") = "WebbShopOOPJoanathan", "WebbShopOOPJoanathan\WebbShopOOPJoanathan.csproj", "{47699F3C-22D4-4F02-B75C-C855D56015D2}"
EndProject
Global
	GlobalSection(SolutionConfigurationPlatforms) = preSolution
		Debug|Any CPU = Debug|Any CPU
		Release|Any CPU = Release|Any CPU
	EndGlobalSection
	GlobalSection(ProjectConfigurationPlatforms) = postSolution
		{47699F3C-22D4-4F02-B75C-C855D56015D2}.Debug|Any CPU.ActiveCfg = Debug|Any CPU
		{47699F3C-22D4-4F02-B75C-C855D56015D2}.Debug|Any CPU.Build.0 = Debug|Any CPU
		{47699F3C-22D4-4F02-B75C-C855D56015D2}.Release|Any CPU.ActiveCfg = Release|Any CPU
		{47699F3C-22D4-4F02-B75C-C855D56015D2}.Release|Any CPU.Build.0 = Release|Any CPU
	EndGlobalSection
	GlobalSection(SolutionProperties) = preSolution
		HideSolutionNode = FALSE
	EndGlobalSection
	GlobalSection(ExtensibilityGlobals) = postSolution
		SolutionGuid = {8F5660EB-239C-49DC-B8D3-8D801A61C792}
	EndGlobalSection
EndGlobal
